<?xml version="1.0" encoding="utf-8"?>
<Project ToolsVersion="4.0" xmlns="http://schemas.microsoft.com/developer/msbuild/2003">
  <ItemGroup>
    <Filter Include="Source Files">
      <UniqueIdentifier>{4FC737F1-C7A5-4376-A066-2A32D752A2FF}</UniqueIdentifier>
      <Extensions>cpp;c;cc;cxx;def;odl;idl;hpj;bat;asm;asmx</Extensions>
    </Filter>
    <Filter Include="Header Files">
      <UniqueIdentifier>{93995380-89BD-4b04-88EB-625FBE52EBFB}</UniqueIdentifier>
      <Extensions>h;hh;hpp;hxx;hm;inl;inc;xsd</Extensions>
    </Filter>
    <Filter Include="Resource Files">
      <UniqueIdentifier>{67DA6AB6-F800-4c08-8B7A-83BB121AAD01}</UniqueIdentifier>
      <Extensions>rc;ico;cur;bmp;dlg;rc2;rct;bin;rgs;gif;jpg;jpeg;jpe;resx;tiff;tif;png;wav</Extensions>
    </Filter>
  </ItemGroup>
  <ItemGroup>
    <ClCompile Include="src\CAbsSeries.cpp">
      <Filter>Source Files</Filter>
    </ClCompile>
    <ClCompile Include="src\CBaseSeries.cpp">
      <Filter>Source Files</Filter>
    </ClCompile>
    <ClCompile Include="src\CCellPar.cpp">
      <Filter>Source Files</Filter>
    </ClCompile>
    <ClCompile Include="src\CDepSeries.cpp">
      <Filter>Source Files</Filter>
    </ClCompile>
    <ClCompile Include="src\CEffSeries.cpp">
      <Filter>Source Files</Filter>
    </ClCompile>
    <ClCompile Include="src\CErrorMatrix.cpp">
      <Filter>Source Files</Filter>
    </ClCompile>
    <ClCompile Include="src\CFertSeries.cpp">
      <Filter>Source Files</Filter>
    </ClCompile>
    <ClCompile Include="src\CGrowthSeries.cpp">
      <Filter>Source Files</Filter>
    </ClCompile>
    <ClCompile Include="src\CGrowthSeriesItem.cpp">
      <Filter>Source Files</Filter>
    </ClCompile>
    <ClCompile Include="src\CInputSeries.cpp">
      <Filter>Source Files</Filter>
    </ClCompile>
    <ClCompile Include="src\CInputSeriesContainer.cpp">
      <Filter>Source Files</Filter>
    </ClCompile>
    <ClCompile Include="src\CLandItem.cpp">
      <Filter>Source Files</Filter>
    </ClCompile>
    <ClCompile Include="src\CLandSeries.cpp">
      <Filter>Source Files</Filter>
    </ClCompile>
    <ClCompile Include="src\CmdLine.cpp">
      <Filter>Source Files</Filter>
    </ClCompile>
    <ClCompile Include="src\CObsContainer.cpp">
      <Filter>Source Files</Filter>
    </ClCompile>
    <ClCompile Include="src\CObsItem.cpp">
      <Filter>Source Files</Filter>
    </ClCompile>
    <ClCompile Include="src\CObsSet.cpp">
      <Filter>Source Files</Filter>
    </ClCompile>
    <ClCompile Include="src\CPar.cpp">
      <Filter>Source Files</Filter>
    </ClCompile>
    <ClCompile Include="src\CParContainer.cpp">
      <Filter>Source Files</Filter>
    </ClCompile>
    <ClCompile Include="src\CParHistory.cpp">
      <Filter>Source Files</Filter>
    </ClCompile>
    <ClCompile Include="src\CParSet.cpp">
      <Filter>Source Files</Filter>
    </ClCompile>
    <ClCompile Include="src\CReach.cpp">
      <Filter>Source Files</Filter>
    </ClCompile>
    <ClCompile Include="src\CReachPar.cpp">
      <Filter>Source Files</Filter>
    </ClCompile>
    <ClCompile Include="src\CRecord.cpp">
      <Filter>Source Files</Filter>
    </ClCompile>
    <ClCompile Include="src\CResultsGroup.cpp">
      <Filter>Source Files</Filter>
    </ClCompile>
    <ClCompile Include="src\CResultsSet.cpp">
      <Filter>Source Files</Filter>
    </ClCompile>
    <ClCompile Include="src\CRiverPar.cpp">
      <Filter>Source Files</Filter>
    </ClCompile>
    <ClCompile Include="src\CStream.cpp">
      <Filter>Source Files</Filter>
    </ClCompile>
    <ClCompile Include="src\CStructure.cpp">
      <Filter>Source Files</Filter>
    </ClCompile>
    <ClCompile Include="src\CSubPar.cpp">
      <Filter>Source Files</Filter>
    </ClCompile>
    <ClCompile Include="src\DATECL.cpp">
      <Filter>Source Files</Filter>
    </ClCompile>
    <ClCompile Include="src\Eqn.cpp">
      <Filter>Source Files</Filter>
    </ClCompile>
    <ClCompile Include="src\inca_on_the_cmd.cpp">
      <Filter>Source Files</Filter>
    </ClCompile>
    <ClCompile Include="src\Integrat.cpp">
      <Filter>Source Files</Filter>
    </ClCompile>
    <ClCompile Include="src\LandModel.cpp">
      <Filter>Source Files</Filter>
    </ClCompile>
    <ClCompile Include="src\Model.cpp">
      <Filter>Source Files</Filter>
    </ClCompile>
    <ClCompile Include="src\ReachModel.cpp">
      <Filter>Source Files</Filter>
    </ClCompile>
    <ClCompile Include="src\mysql\DbAbsSeries.cpp">
      <Filter>Source Files</Filter>
    </ClCompile>
    <ClCompile Include="src\mysql\DbConnection.cpp">
      <Filter>Source Files</Filter>
    </ClCompile>
    <ClCompile Include="src\mysql\DbException.cpp">
      <Filter>Source Files</Filter>
    </ClCompile>
    <ClCompile Include="src\mysql\DbInputSeries.cpp">
      <Filter>Source Files</Filter>
    </ClCompile>
    <ClCompile Include="src\mysql\DbModelIndexers.cpp">
      <Filter>Source Files</Filter>
    </ClCompile>
    <ClCompile Include="src\mysql\DbModelRun.cpp">
      <Filter>Source Files</Filter>
    </ClCompile>
    <ClCompile Include="src\mysql\DbParameterSet.cpp">
      <Filter>Source Files</Filter>
    </ClCompile>
    <ClCompile Include="src\mysql\DbResults.cpp">
      <Filter>Source Files</Filter>
    </ClCompile>
    <ClCompile Include="src\mysql\DbRunStatus.cpp">
      <Filter>Source Files</Filter>
    </ClCompile>
    <ClCompile Include="src\mysql\DbStructure.cpp">
      <Filter>Source Files</Filter>
    </ClCompile>
    <ClCompile Include="src\mysql\DbTransaction.cpp">
      <Filter>Source Files</Filter>
    </ClCompile>
    <ClCompile Include="src\mysql\Logger.cpp">
      <Filter>Source Files</Filter>
    </ClCompile>
    <ClCompile Include="src\libraries\tinyxml2\tinyxml2.cpp">
      <Filter>Source Files</Filter>
    </ClCompile>
    <ClCompile Include="src\MySQL\DbEffSeries.cpp">
      <Filter>Source Files</Filter>
    </ClCompile>
    <ClCompile Include="src\MySQL\DbFertSeries.cpp">
      <Filter>Source Files</Filter>
    </ClCompile>
    <ClCompile Include="src\MySQL\DbDepSeries.cpp">
      <Filter>Source Files</Filter>
    </ClCompile>
  </ItemGroup>
  <ItemGroup>
    <ClInclude Include="src\include\CAbsSeries.h">
      <Filter>Header Files</Filter>
    </ClInclude>
    <ClInclude Include="src\include\CBaseSeries.h">
      <Filter>Header Files</Filter>
    </ClInclude>
    <ClInclude Include="src\include\CCellPar.h">
      <Filter>Header Files</Filter>
    </ClInclude>
    <ClInclude Include="src\include\CDepSeries.h">
      <Filter>Header Files</Filter>
    </ClInclude>
    <ClInclude Include="src\include\CEffSeries.h">
      <Filter>Header Files</Filter>
    </ClInclude>
    <ClInclude Include="src\include\CErrorMatrix.h">
      <Filter>Header Files</Filter>
    </ClInclude>
    <ClInclude Include="src\include\CFertSeries.h">
      <Filter>Header Files</Filter>
    </ClInclude>
    <ClInclude Include="src\include\CGrowthSeries.h">
      <Filter>Header Files</Filter>
    </ClInclude>
    <ClInclude Include="src\include\CGrowthSeriesItem.h">
      <Filter>Header Files</Filter>
    </ClInclude>
    <ClInclude Include="src\include\CInputSeries.h">
      <Filter>Header Files</Filter>
    </ClInclude>
    <ClInclude Include="src\include\CInputSeriesContainer.h">
      <Filter>Header Files</Filter>
    </ClInclude>
    <ClInclude Include="src\include\CLandItem.h">
      <Filter>Header Files</Filter>
    </ClInclude>
    <ClInclude Include="src\include\CLandSeries.h">
      <Filter>Header Files</Filter>
    </ClInclude>
    <ClInclude Include="src\include\CmdLine.h">
      <Filter>Header Files</Filter>
    </ClInclude>
    <ClInclude Include="src\include\CObsContainer.h">
      <Filter>Header Files</Filter>
    </ClInclude>
    <ClInclude Include="src\include\CObsItem.h">
      <Filter>Header Files</Filter>
    </ClInclude>
    <ClInclude Include="src\include\CObsSet.h">
      <Filter>Header Files</Filter>
    </ClInclude>
    <ClInclude Include="src\include\CPar.h">
      <Filter>Header Files</Filter>
    </ClInclude>
    <ClInclude Include="src\include\CParContainer.h">
      <Filter>Header Files</Filter>
    </ClInclude>
    <ClInclude Include="src\include\CParHistory.h">
      <Filter>Header Files</Filter>
    </ClInclude>
    <ClInclude Include="src\include\CParSet.h">
      <Filter>Header Files</Filter>
    </ClInclude>
    <ClInclude Include="src\include\CReach.h">
      <Filter>Header Files</Filter>
    </ClInclude>
    <ClInclude Include="src\include\CReachPar.h">
      <Filter>Header Files</Filter>
    </ClInclude>
    <ClInclude Include="src\include\CRecord.h">
      <Filter>Header Files</Filter>
    </ClInclude>
    <ClInclude Include="src\include\CResultsGroup.h">
      <Filter>Header Files</Filter>
    </ClInclude>
    <ClInclude Include="src\include\CResultsSet.h">
      <Filter>Header Files</Filter>
    </ClInclude>
    <ClInclude Include="src\include\CRiverPar.h">
      <Filter>Header Files</Filter>
    </ClInclude>
    <ClInclude Include="src\include\CStream.h">
      <Filter>Header Files</Filter>
    </ClInclude>
    <ClInclude Include="src\include\CStructure.h">
      <Filter>Header Files</Filter>
    </ClInclude>
    <ClInclude Include="src\include\CSubPar.h">
      <Filter>Header Files</Filter>
    </ClInclude>
    <ClInclude Include="src\include\DATECL.h">
      <Filter>Header Files</Filter>
    </ClInclude>
    <ClInclude Include="src\include\Eqn.h">
      <Filter>Header Files</Filter>
    </ClInclude>
    <ClInclude Include="src\include\Integrat.h">
      <Filter>Header Files</Filter>
    </ClInclude>
    <ClInclude Include="src\include\LandModel.h">
      <Filter>Header Files</Filter>
    </ClInclude>
    <ClInclude Include="src\include\Model.h">
      <Filter>Header Files</Filter>
    </ClInclude>
    <ClInclude Include="src\include\ReachModel.h">
      <Filter>Header Files</Filter>
    </ClInclude>
    <ClInclude Include="src\include\utils.h">
      <Filter>Header Files</Filter>
    </ClInclude>
    <ClInclude Include="src\include\version.h">
      <Filter>Header Files</Filter>
    </ClInclude>
    <ClInclude Include="src\mysql\DbAbsSeries.h">
      <Filter>Header Files</Filter>
    </ClInclude>
    <ClInclude Include="src\mysql\DbConnection.h">
      <Filter>Header Files</Filter>
    </ClInclude>
    <ClInclude Include="src\mysql\DbException.h">
      <Filter>Header Files</Filter>
    </ClInclude>
    <ClInclude Include="src\mysql\DbInputSeries.h">
      <Filter>Header Files</Filter>
    </ClInclude>
    <ClInclude Include="src\mysql\DbModelIndexers.h">
      <Filter>Header Files</Filter>
    </ClInclude>
    <ClInclude Include="src\mysql\DbModelRun.h">
      <Filter>Header Files</Filter>
    </ClInclude>
    <ClInclude Include="src\mysql\DbParameterSet.h">
      <Filter>Header Files</Filter>
    </ClInclude>
    <ClInclude Include="src\mysql\DbResults.h">
      <Filter>Header Files</Filter>
    </ClInclude>
    <ClInclude Include="src\mysql\DbRunStatus.h">
      <Filter>Header Files</Filter>
    </ClInclude>
    <ClInclude Include="src\mysql\DbStructure.h">
      <Filter>Header Files</Filter>
    </ClInclude>
    <ClInclude Include="src\mysql\DbTransaction.h">
      <Filter>Header Files</Filter>
    </ClInclude>
    <ClInclude Include="src\mysql\defines.h">
      <Filter>Header Files</Filter>
    </ClInclude>
    <ClInclude Include="src\mysql\ExitCodes.h">
      <Filter>Header Files</Filter>
    </ClInclude>
    <ClInclude Include="src\mysql\Logger.h">
      <Filter>Header Files</Filter>
    </ClInclude>
    <ClInclude Include="src\libraries\tinyxml2\tinyxml2.h">
      <Filter>Header Files</Filter>
    </ClInclude>
    <ClInclude Include="src\include\constant.h">
      <Filter>Header Files</Filter>
    </ClInclude>
    <ClInclude Include="src\MySQL\DbEffSeries.h">
      <Filter>Header Files</Filter>
    </ClInclude>
    <ClInclude Include="src\MySQL\DbFertSeries.h">
      <Filter>Header Files</Filter>
    </ClInclude>
    <ClInclude Include="src\MySQL\DbDepSeries.h">
      <Filter>Header Files</Filter>
    </ClInclude>
  </ItemGroup>
</Project>